
Microsoft Visual Studio Solution File, Format Version 12.00
# Visual Studio Version 16
VisualStudioVersion = 16.0.29503.13
MinimumVisualStudioVersion = 10.0.40219.1
Project("{FAE04EC0-301F-11D3-BF4B-00C04F79EFBC}") = "NetFontIcons", "NetFontIcons.csproj", "{6E5A08A0-58A0-4A6D-A6A4-50E4030E8216}"
EndProject
Project("{FAE04EC0-301F-11D3-BF4B-00C04F79EFBC}") = "NetFontIcons.Xamarin", "..\NetFontIcons.Xamarin\NetFontIcons.Xamarin.csproj", "{CC737A76-0347-476E-8B9E-0A080FB5D56F}"
EndProject
Global
	GlobalSection(SolutionConfigurationPlatforms) = preSolution
		Debug|Any CPU = Debug|Any CPU
		Release|Any CPU = Release|Any CPU
	EndGlobalSection
	GlobalSection(ProjectConfigurationPlatforms) = postSolution
		{6E5A08A0-58A0-4A6D-A6A4-50E4030E8216}.Debug|Any CPU.ActiveCfg = Debug|Any CPU
		{6E5A08A0-58A0-4A6D-A6A4-50E4030E8216}.Debug|Any CPU.Build.0 = Debug|Any CPU
		{6E5A08A0-58A0-4A6D-A6A4-50E4030E8216}.Release|Any CPU.ActiveCfg = Release|Any CPU
		{6E5A08A0-58A0-4A6D-A6A4-50E4030E8216}.Release|Any CPU.Build.0 = Release|Any CPU
		{CC737A76-0347-476E-8B9E-0A080FB5D56F}.Debug|Any CPU.ActiveCfg = Debug|Any CPU
		{CC737A76-0347-476E-8B9E-0A080FB5D56F}.Debug|Any CPU.Build.0 = Debug|Any CPU
		{CC737A76-0347-476E-8B9E-0A080FB5D56F}.Release|Any CPU.ActiveCfg = Release|Any CPU
		{CC737A76-0347-476E-8B9E-0A080FB5D56F}.Release|Any CPU.Build.0 = Release|Any CPU
	EndGlobalSection
	GlobalSection(SolutionProperties) = preSolution
		HideSolutionNode = FALSE
	EndGlobalSection
	GlobalSection(ExtensibilityGlobals) = postSolution
		SolutionGuid = {B310F293-A7AE-4922-996F-6A752F69F974}
	EndGlobalSection
EndGlobal
